
Microsoft Visual Studio Solution File, Format Version 12.00
# Visual Studio Version 17
VisualStudioVersion = 17.9.34616.47
MinimumVisualStudioVersion = 10.0.40219.1
Project("{9A19103F-16F7-4668-BE54-9A1E7A4F7556}") = "TaskVisualizerWeb.Repository", "TaskVisualizerWeb.Repository\TaskVisualizerWeb.Repository.csproj", "{7E2CBC59-A8FA-411E-B1D0-F6FC57E424A9}"
EndProject
Project("{9A19103F-16F7-4668-BE54-9A1E7A4F7556}") = "TaskVisualizerWeb.Domain", "TaskVisualizerWeb.Domain\TaskVisualizerWeb.Domain.csproj", "{212E9993-B515-4C69-BE3F-39362B1CDC1F}"
EndProject
Project("{9A19103F-16F7-4668-BE54-9A1E7A4F7556}") = "TaskVisualizerWeb.Presentation", "TaskVisualizerWeb.Presentation\TaskVisualizerWeb.Presentation.csproj", "{EB81307F-7794-437A-8BE6-2FE9393C8E32}"
EndProject
Global
	GlobalSection(SolutionConfigurationPlatforms) = preSolution
		Debug|Any CPU = Debug|Any CPU
		Release|Any CPU = Release|Any CPU
	EndGlobalSection
	GlobalSection(ProjectConfigurationPlatforms) = postSolution
		{7E2CBC59-A8FA-411E-B1D0-F6FC57E424A9}.Debug|Any CPU.ActiveCfg = Debug|Any CPU
		{7E2CBC59-A8FA-411E-B1D0-F6FC57E424A9}.Debug|Any CPU.Build.0 = Debug|Any CPU
		{7E2CBC59-A8FA-411E-B1D0-F6FC57E424A9}.Release|Any CPU.ActiveCfg = Release|Any CPU
		{7E2CBC59-A8FA-411E-B1D0-F6FC57E424A9}.Release|Any CPU.Build.0 = Release|Any CPU
		{212E9993-B515-4C69-BE3F-39362B1CDC1F}.Debug|Any CPU.ActiveCfg = Debug|Any CPU
		{212E9993-B515-4C69-BE3F-39362B1CDC1F}.Debug|Any CPU.Build.0 = Debug|Any CPU
		{212E9993-B515-4C69-BE3F-39362B1CDC1F}.Release|Any CPU.ActiveCfg = Release|Any CPU
		{212E9993-B515-4C69-BE3F-39362B1CDC1F}.Release|Any CPU.Build.0 = Release|Any CPU
		{EB81307F-7794-437A-8BE6-2FE9393C8E32}.Debug|Any CPU.ActiveCfg = Debug|Any CPU
		{EB81307F-7794-437A-8BE6-2FE9393C8E32}.Debug|Any CPU.Build.0 = Debug|Any CPU
		{EB81307F-7794-437A-8BE6-2FE9393C8E32}.Release|Any CPU.ActiveCfg = Release|Any CPU
		{EB81307F-7794-437A-8BE6-2FE9393C8E32}.Release|Any CPU.Build.0 = Release|Any CPU
	EndGlobalSection
	GlobalSection(SolutionProperties) = preSolution
		HideSolutionNode = FALSE
	EndGlobalSection
	GlobalSection(ExtensibilityGlobals) = postSolution
		SolutionGuid = {486A2D61-8860-492C-8421-E4FB41D832E3}
	EndGlobalSection
EndGlobal
